{
  "dependencyGraphHash": "f18ba37cf5da0cd23bb4f572083d4fe7cc88b8d1bbb0aec406cd07871c022c8b",
  "graph": {
    "deps": [],
    "package": {
      "manifestHash": "8008b52dea3466244b917f0dc16cf22cdbfca41c0672c13def2a30cca52fe8f6",
      "name": "vanta-backend",
      "version": "0.1.0"
    }
  },
  "schemaVersion": "fozzylang.lock.v0"
}